
Microsoft Visual Studio Solution File, Format Version 12.00
# Visual Studio 14
VisualStudioVersion = 14.0.25420.1
MinimumVisualStudioVersion = 10.0.40219.1
Project("{FAE04EC0-301F-11D3-BF4B-00C04F79EFBC}") = "AngularWebApi", "AngularWebApi\AngularWebApi.csproj", "{9C372C70-22D5-4582-94CA-5B3E422E3703}"
EndProject
Project("{FAE04EC0-301F-11D3-BF4B-00C04F79EFBC}") = "Repositories", "Repositiories\Repositories.csproj", "{950C7AC0-8677-4425-A86D-F39E1B4498F4}"
EndProject
Global
	GlobalSection(SolutionConfigurationPlatforms) = preSolution
		Debug|Any CPU = Debug|Any CPU
		Release|Any CPU = Release|Any CPU
	EndGlobalSection
	GlobalSection(ProjectConfigurationPlatforms) = postSolution
		{9C372C70-22D5-4582-94CA-5B3E422E3703}.Debug|Any CPU.ActiveCfg = Debug|Any CPU
		{9C372C70-22D5-4582-94CA-5B3E422E3703}.Debug|Any CPU.Build.0 = Debug|Any CPU
		{9C372C70-22D5-4582-94CA-5B3E422E3703}.Release|Any CPU.ActiveCfg = Release|Any CPU
		{9C372C70-22D5-4582-94CA-5B3E422E3703}.Release|Any CPU.Build.0 = Release|Any CPU
		{950C7AC0-8677-4425-A86D-F39E1B4498F4}.Debug|Any CPU.ActiveCfg = Debug|Any CPU
		{950C7AC0-8677-4425-A86D-F39E1B4498F4}.Debug|Any CPU.Build.0 = Debug|Any CPU
		{950C7AC0-8677-4425-A86D-F39E1B4498F4}.Release|Any CPU.ActiveCfg = Release|Any CPU
		{950C7AC0-8677-4425-A86D-F39E1B4498F4}.Release|Any CPU.Build.0 = Release|Any CPU
	EndGlobalSection
	GlobalSection(SolutionProperties) = preSolution
		HideSolutionNode = FALSE
	EndGlobalSection
EndGlobal
